// !$*UTF8*$!
{
	archiveVersion = 1;
	classes = {
	};
	objectVersion = 55;
	objects = {

/* Begin PBXBuildFile section */
		B03F900427FBA8AC0086AA82 /* AppDelegate.swift in Sources */ = {isa = PBXBuildFile; fileRef = B03F900327FBA8AC0086AA82 /* AppDelegate.swift */; };
		B03F900627FBA8AC0086AA82 /* SceneDelegate.swift in Sources */ = {isa = PBXBuildFile; fileRef = B03F900527FBA8AC0086AA82 /* SceneDelegate.swift */; };
		B03F900827FBA8AC0086AA82 /* BirdListViewController.swift in Sources */ = {isa = PBXBuildFile; fileRef = B03F900727FBA8AC0086AA82 /* BirdListViewController.swift */; };
		B03F900B27FBA8AC0086AA82 /* Main.storyboard in Resources */ = {isa = PBXBuildFile; fileRef = B03F900927FBA8AC0086AA82 /* Main.storyboard */; };
		B03F900E27FBA8AC0086AA82 /* AngryBirds.xcdatamodeld in Sources */ = {isa = PBXBuildFile; fileRef = B03F900C27FBA8AC0086AA82 /* AngryBirds.xcdatamodeld */; };
		B03F901027FBA8AD0086AA82 /* Assets.xcassets in Resources */ = {isa = PBXBuildFile; fileRef = B03F900F27FBA8AD0086AA82 /* Assets.xcassets */; };
		B03F901327FBA8AD0086AA82 /* LaunchScreen.storyboard in Resources */ = {isa = PBXBuildFile; fileRef = B03F901127FBA8AD0086AA82 /* LaunchScreen.storyboard */; };
		B03F901E27FBA8AE0086AA82 /* AngryBirdsTests.swift in Sources */ = {isa = PBXBuildFile; fileRef = B03F901D27FBA8AE0086AA82 /* AngryBirdsTests.swift */; };
		B03F902827FBA8AE0086AA82 /* AngryBirdsUITests.swift in Sources */ = {isa = PBXBuildFile; fileRef = B03F902727FBA8AE0086AA82 /* AngryBirdsUITests.swift */; };
		B03F902A27FBA8AE0086AA82 /* AngryBirdsUITestsLaunchTests.swift in Sources */ = {isa = PBXBuildFile; fileRef = B03F902927FBA8AE0086AA82 /* AngryBirdsUITestsLaunchTests.swift */; };
		B03F903727FBD69C0086AA82 /* BirdCell.swift in Sources */ = {isa = PBXBuildFile; fileRef = B03F903627FBD69C0086AA82 /* BirdCell.swift */; };
/* End PBXBuildFile section */

/* Begin PBXContainerItemProxy section */
		B03F901A27FBA8AE0086AA82 /* PBXContainerItemProxy */ = {
			isa = PBXContainerItemProxy;
			containerPortal = B03F8FF827FBA8AC0086AA82 /* Project object */;
			proxyType = 1;
			remoteGlobalIDString = B03F8FFF27FBA8AC0086AA82;
			remoteInfo = AngryBirds;
		};
		B03F902427FBA8AE0086AA82 /* PBXContainerItemProxy */ = {
			isa = PBXContainerItemProxy;
			containerPortal = B03F8FF827FBA8AC0086AA82 /* Project object */;
			proxyType = 1;
			remoteGlobalIDString = B03F8FFF27FBA8AC0086AA82;
			remoteInfo = AngryBirds;
		};
/* End PBXContainerItemProxy section */

/* Begin PBXFileReference section */
		B03F900027FBA8AC0086AA82 /* AngryBirds.app */ = {isa = PBXFileReference; explicitFileType = wrapper.application; includeInIndex = 0; path = AngryBirds.app; sourceTree = BUILT_PRODUCTS_DIR; };
		B03F900327FBA8AC0086AA82 /* AppDelegate.swift */ = {isa = PBXFileReference; lastKnownFileType = sourcecode.swift; path = AppDelegate.swift; sourceTree = "<group>"; };
		B03F900527FBA8AC0086AA82 /* SceneDelegate.swift */ = {isa = PBXFileReference; lastKnownFileType = sourcecode.swift; path = SceneDelegate.swift; sourceTree = "<group>"; };
		B03F900727FBA8AC0086AA82 /* BirdListViewController.swift */ = {isa = PBXFileReference; lastKnownFileType = sourcecode.swift; path = BirdListViewController.swift; sourceTree = "<group>"; };
		B03F900A27FBA8AC0086AA82 /* Base */ = {isa = PBXFileReference; lastKnownFileType = file.storyboard; name = Base; path = Base.lproj/Main.storyboard; sourceTree = "<group>"; };
		B03F900D27FBA8AC0086AA82 /* AngryBirds.xcdatamodel */ = {isa = PBXFileReference; lastKnownFileType = wrapper.xcdatamodel; path = AngryBirds.xcdatamodel; sourceTree = "<group>"; };
		B03F900F27FBA8AD0086AA82 /* Assets.xcassets */ = {isa = PBXFileReference; lastKnownFileType = folder.assetcatalog; path = Assets.xcassets; sourceTree = "<group>"; };
		B03F901227FBA8AD0086AA82 /* Base */ = {isa = PBXFileReference; lastKnownFileType = file.storyboard; name = Base; path = Base.lproj/LaunchScreen.storyboard; sourceTree = "<group>"; };
		B03F901427FBA8AD0086AA82 /* Info.plist */ = {isa = PBXFileReference; lastKnownFileType = text.plist.xml; path = Info.plist; sourceTree = "<group>"; };
		B03F901927FBA8AE0086AA82 /* AngryBirdsTests.xctest */ = {isa = PBXFileReference; explicitFileType = wrapper.cfbundle; includeInIndex = 0; path = AngryBirdsTests.xctest; sourceTree = BUILT_PRODUCTS_DIR; };
		B03F901D27FBA8AE0086AA82 /* AngryBirdsTests.swift */ = {isa = PBXFileReference; lastKnownFileType = sourcecode.swift; path = AngryBirdsTests.swift; sourceTree = "<group>"; };
		B03F902327FBA8AE0086AA82 /* AngryBirdsUITests.xctest */ = {isa = PBXFileReference; explicitFileType = wrapper.cfbundle; includeInIndex = 0; path = AngryBirdsUITests.xctest; sourceTree = BUILT_PRODUCTS_DIR; };
		B03F902727FBA8AE0086AA82 /* AngryBirdsUITests.swift */ = {isa = PBXFileReference; lastKnownFileType = sourcecode.swift; path = AngryBirdsUITests.swift; sourceTree = "<group>"; };
		B03F902927FBA8AE0086AA82 /* AngryBirdsUITestsLaunchTests.swift */ = {isa = PBXFileReference; lastKnownFileType = sourcecode.swift; path = AngryBirdsUITestsLaunchTests.swift; sourceTree = "<group>"; };
		B03F903627FBD69C0086AA82 /* BirdCell.swift */ = {isa = PBXFileReference; lastKnownFileType = sourcecode.swift; path = BirdCell.swift; sourceTree = "<group>"; };
/* End PBXFileReference section */

/* Begin PBXFrameworksBuildPhase section */
		B03F8FFD27FBA8AC0086AA82 /* Frameworks */ = {
			isa = PBXFrameworksBuildPhase;
			buildActionMask = 2147483647;
			files = (
			);
			runOnlyForDeploymentPostprocessing = 0;
		};
		B03F901627FBA8AE0086AA82 /* Frameworks */ = {
			isa = PBXFrameworksBuildPhase;
			buildActionMask = 2147483647;
			files = (
			);
			runOnlyForDeploymentPostprocessing = 0;
		};
		B03F902027FBA8AE0086AA82 /* Frameworks */ = {
			isa = PBXFrameworksBuildPhase;
			buildActionMask = 2147483647;
			files = (
			);
			runOnlyForDeploymentPostprocessing = 0;
		};
/* End PBXFrameworksBuildPhase section */

/* Begin PBXGroup section */
		B03F8FF727FBA8AC0086AA82 = {
			isa = PBXGroup;
			children = (
				B03F900227FBA8AC0086AA82 /* AngryBirds */,
				B03F901C27FBA8AE0086AA82 /* AngryBirdsTests */,
				B03F902627FBA8AE0086AA82 /* AngryBirdsUITests */,
				B03F900127FBA8AC0086AA82 /* Products */,
			);
			sourceTree = "<group>";
		};
		B03F900127FBA8AC0086AA82 /* Products */ = {
			isa = PBXGroup;
			children = (
				B03F900027FBA8AC0086AA82 /* AngryBirds.app */,
				B03F901927FBA8AE0086AA82 /* AngryBirdsTests.xctest */,
				B03F902327FBA8AE0086AA82 /* AngryBirdsUITests.xctest */,
			);
			name = Products;
			sourceTree = "<group>";
		};
		B03F900227FBA8AC0086AA82 /* AngryBirds */ = {
			isa = PBXGroup;
			children = (
				B03F900327FBA8AC0086AA82 /* AppDelegate.swift */,
				B03F900527FBA8AC0086AA82 /* SceneDelegate.swift */,
				B03F900727FBA8AC0086AA82 /* BirdListViewController.swift */,
				B03F900927FBA8AC0086AA82 /* Main.storyboard */,
				B03F903627FBD69C0086AA82 /* BirdCell.swift */,
				B03F900F27FBA8AD0086AA82 /* Assets.xcassets */,
				B03F901127FBA8AD0086AA82 /* LaunchScreen.storyboard */,
				B03F901427FBA8AD0086AA82 /* Info.plist */,
				B03F900C27FBA8AC0086AA82 /* AngryBirds.xcdatamodeld */,
			);
			path = AngryBirds;
			sourceTree = "<group>";
		};
		B03F901C27FBA8AE0086AA82 /* AngryBirdsTests */ = {
			isa = PBXGroup;
			children = (
				B03F901D27FBA8AE0086AA82 /* AngryBirdsTests.swift */,
			);
			path = AngryBirdsTests;
			sourceTree = "<group>";
		};
		B03F902627FBA8AE0086AA82 /* AngryBirdsUITests */ = {
			isa = PBXGroup;
			children = (
				B03F902727FBA8AE0086AA82 /* AngryBirdsUITests.swift */,
				B03F902927FBA8AE0086AA82 /* AngryBirdsUITestsLaunchTests.swift */,
			);
			path = AngryBirdsUITests;
			sourceTree = "<group>";
		};
/* End PBXGroup section */

/* Begin PBXNativeTarget section */
		B03F8FFF27FBA8AC0086AA82 /* AngryBirds */ = {
			isa = PBXNativeTarget;
			buildConfigurationList = B03F902D27FBA8AE0086AA82 /* Build configuration list for PBXNativeTarget "AngryBirds" */;
			buildPhases = (
				B03F8FFC27FBA8AC0086AA82 /* Sources */,
				B03F8FFD27FBA8AC0086AA82 /* Frameworks */,
				B03F8FFE27FBA8AC0086AA82 /* Resources */,
			);
			buildRules = (
			);
			dependencies = (
			);
			name = AngryBirds;
			productName = AngryBirds;
			productReference = B03F900027FBA8AC0086AA82 /* AngryBirds.app */;
			productType = "com.apple.product-type.application";
		};
		B03F901827FBA8AE0086AA82 /* AngryBirdsTests */ = {
			isa = PBXNativeTarget;
			buildConfigurationList = B03F903027FBA8AE0086AA82 /* Build configuration list for PBXNativeTarget "AngryBirdsTests" */;
			buildPhases = (
				B03F901527FBA8AE0086AA82 /* Sources */,
				B03F901627FBA8AE0086AA82 /* Frameworks */,
				B03F901727FBA8AE0086AA82 /* Resources */,
			);
			buildRules = (
			);
			dependencies = (
				B03F901B27FBA8AE0086AA82 /* PBXTargetDependency */,
			);
			name = AngryBirdsTests;
			productName = AngryBirdsTests;
			productReference = B03F901927FBA8AE0086AA82 /* AngryBirdsTests.xctest */;
			productType = "com.apple.product-type.bundle.unit-test";
		};
		B03F902227FBA8AE0086AA82 /* AngryBirdsUITests */ = {
			isa = PBXNativeTarget;
			buildConfigurationList = B03F903327FBA8AE0086AA82 /* Build configuration list for PBXNativeTarget "AngryBirdsUITests" */;
			buildPhases = (
				B03F901F27FBA8AE0086AA82 /* Sources */,
				B03F902027FBA8AE0086AA82 /* Frameworks */,
				B03F902127FBA8AE0086AA82 /* Resources */,
			);
			buildRules = (
			);
			dependencies = (
				B03F902527FBA8AE0086AA82 /* PBXTargetDependency */,
			);
			name = AngryBirdsUITests;
			productName = AngryBirdsUITests;
			productReference = B03F902327FBA8AE0086AA82 /* AngryBirdsUITests.xctest */;
			productType = "com.apple.product-type.bundle.ui-testing";
		};
/* End PBXNativeTarget section */

/* Begin PBXProject section */
		B03F8FF827FBA8AC0086AA82 /* Project object */ = {
			isa = PBXProject;
			attributes = {
				BuildIndependentTargetsInParallel = 1;
				LastSwiftUpdateCheck = 1330;
				LastUpgradeCheck = 1330;
				TargetAttributes = {
					B03F8FFF27FBA8AC0086AA82 = {
						CreatedOnToolsVersion = 13.3;
					};
					B03F901827FBA8AE0086AA82 = {
						CreatedOnToolsVersion = 13.3;
						TestTargetID = B03F8FFF27FBA8AC0086AA82;
					};
					B03F902227FBA8AE0086AA82 = {
						CreatedOnToolsVersion = 13.3;
						TestTargetID = B03F8FFF27FBA8AC0086AA82;
					};
				};
			};
			buildConfigurationList = B03F8FFB27FBA8AC0086AA82 /* Build configuration list for PBXProject "AngryBirds" */;
			compatibilityVersion = "Xcode 13.0";
			developmentRegion = en;
			hasScannedForEncodings = 0;
			knownRegions = (
				en,
				Base,
			);
			mainGroup = B03F8FF727FBA8AC0086AA82;
			productRefGroup = B03F900127FBA8AC0086AA82 /* Products */;
			projectDirPath = "";
			projectRoot = "";
			targets = (
				B03F8FFF27FBA8AC0086AA82 /* AngryBirds */,
				B03F901827FBA8AE0086AA82 /* AngryBirdsTests */,
				B03F902227FBA8AE0086AA82 /* AngryBirdsUITests */,
			);
		};
/* End PBXProject section */

/* Begin PBXResourcesBuildPhase section */
		B03F8FFE27FBA8AC0086AA82 /* Resources */ = {
			isa = PBXResourcesBuildPhase;
			buildActionMask = 2147483647;
			files = (
				B03F901327FBA8AD0086AA82 /* LaunchScreen.storyboard in Resources */,
				B03F901027FBA8AD0086AA82 /* Assets.xcassets in Resources */,
				B03F900B27FBA8AC0086AA82 /* Main.storyboard in Resources */,
			);
			runOnlyForDeploymentPostprocessing = 0;
		};
		B03F901727FBA8AE0086AA82 /* Resources */ = {
			isa = PBXResourcesBuildPhase;
			buildActionMask = 2147483647;
			files = (
			);
			runOnlyForDeploymentPostprocessing = 0;
		};
		B03F902127FBA8AE0086AA82 /* Resources */ = {
			isa = PBXResourcesBuildPhase;
			buildActionMask = 2147483647;
			files = (
			);
			runOnlyForDeploymentPostprocessing = 0;
		};
/* End PBXResourcesBuildPhase section */

/* Begin PBXSourcesBuildPhase section */
		B03F8FFC27FBA8AC0086AA82 /* Sources */ = {
			isa = PBXSourcesBuildPhase;
			buildActionMask = 2147483647;
			files = (
				B03F900E27FBA8AC0086AA82 /* AngryBirds.xcdatamodeld in Sources */,
				B03F900827FBA8AC0086AA82 /* BirdListViewController.swift in Sources */,
				B03F903727FBD69C0086AA82 /* BirdCell.swift in Sources */,
				B03F900427FBA8AC0086AA82 /* AppDelegate.swift in Sources */,
				B03F900627FBA8AC0086AA82 /* SceneDelegate.swift in Sources */,
			);
			runOnlyForDeploymentPostprocessing = 0;
		};
		B03F901527FBA8AE0086AA82 /* Sources */ = {
			isa = PBXSourcesBuildPhase;
			buildActionMask = 2147483647;
			files = (
				B03F901E27FBA8AE0086AA82 /* AngryBirdsTests.swift in Sources */,
			);
			runOnlyForDeploymentPostprocessing = 0;
		};
		B03F901F27FBA8AE0086AA82 /* Sources */ = {
			isa = PBXSourcesBuildPhase;
			buildActionMask = 2147483647;
			files = (
				B03F902827FBA8AE0086AA82 /* AngryBirdsUITests.swift in Sources */,
				B03F902A27FBA8AE0086AA82 /* AngryBirdsUITestsLaunchTests.swift in Sources */,
			);
			runOnlyForDeploymentPostprocessing = 0;
		};
/* End PBXSourcesBuildPhase section */

/* Begin PBXTargetDependency section */
		B03F901B27FBA8AE0086AA82 /* PBXTargetDependency */ = {
			isa = PBXTargetDependency;
			target = B03F8FFF27FBA8AC0086AA82 /* AngryBirds */;
			targetProxy = B03F901A27FBA8AE0086AA82 /* PBXContainerItemProxy */;
		};
		B03F902527FBA8AE0086AA82 /* PBXTargetDependency */ = {
			isa = PBXTargetDependency;
			target = B03F8FFF27FBA8AC0086AA82 /* AngryBirds */;
			targetProxy = B03F902427FBA8AE0086AA82 /* PBXContainerItemProxy */;
		};
/* End PBXTargetDependency section */

/* Begin PBXVariantGroup section */
		B03F900927FBA8AC0086AA82 /* Main.storyboard */ = {
			isa = PBXVariantGroup;
			children = (
				B03F900A27FBA8AC0086AA82 /* Base */,
			);
			name = Main.storyboard;
			sourceTree = "<group>";
		};
		B03F901127FBA8AD0086AA82 /* LaunchScreen.storyboard */ = {
			isa = PBXVariantGroup;
			children = (
				B03F901227FBA8AD0086AA82 /* Base */,
			);
			name = LaunchScreen.storyboard;
			sourceTree = "<group>";
		};
/* End PBXVariantGroup section */

/* Begin XCBuildConfiguration section */
		B03F902B27FBA8AE0086AA82 /* Debug */ = {
			isa = XCBuildConfiguration;
			buildSettings = {
				ALWAYS_SEARCH_USER_PATHS = NO;
				CLANG_ANALYZER_NONNULL = YES;
				CLANG_ANALYZER_NUMBER_OBJECT_CONVERSION = YES_AGGRESSIVE;
				CLANG_CXX_LANGUAGE_STANDARD = "gnu++17";
				CLANG_ENABLE_MODULES = YES;
				CLANG_ENABLE_OBJC_ARC = YES;
				CLANG_ENABLE_OBJC_WEAK = YES;
				CLANG_WARN_BLOCK_CAPTURE_AUTORELEASING = YES;
				CLANG_WARN_BOOL_CONVERSION = YES;
				CLANG_WARN_COMMA = YES;
				CLANG_WARN_CONSTANT_CONVERSION = YES;
				CLANG_WARN_DEPRECATED_OBJC_IMPLEMENTATIONS = YES;
				CLANG_WARN_DIRECT_OBJC_ISA_USAGE = YES_ERROR;
				CLANG_WARN_DOCUMENTATION_COMMENTS = YES;
				CLANG_WARN_EMPTY_BODY = YES;
				CLANG_WARN_ENUM_CONVERSION = YES;
				CLANG_WARN_INFINITE_RECURSION = YES;
				CLANG_WARN_INT_CONVERSION = YES;
				CLANG_WARN_NON_LITERAL_NULL_CONVERSION = YES;
				CLANG_WARN_OBJC_IMPLICIT_RETAIN_SELF = YES;
				CLANG_WARN_OBJC_LITERAL_CONVERSION = YES;
				CLANG_WARN_OBJC_ROOT_CLASS = YES_ERROR;
				CLANG_WARN_QUOTED_INCLUDE_IN_FRAMEWORK_HEADER = YES;
				CLANG_WARN_RANGE_LOOP_ANALYSIS = YES;
				CLANG_WARN_STRICT_PROTOTYPES = YES;
				CLANG_WARN_SUSPICIOUS_MOVE = YES;
				CLANG_WARN_UNGUARDED_AVAILABILITY = YES_AGGRESSIVE;
				CLANG_WARN_UNREACHABLE_CODE = YES;
				CLANG_WARN__DUPLICATE_METHOD_MATCH = YES;
				COPY_PHASE_STRIP = NO;
				DEBUG_INFORMATION_FORMAT = dwarf;
				ENABLE_STRICT_OBJC_MSGSEND = YES;
				ENABLE_TESTABILITY = YES;
				GCC_C_LANGUAGE_STANDARD = gnu11;
				GCC_DYNAMIC_NO_PIC = NO;
				GCC_NO_COMMON_BLOCKS = YES;
				GCC_OPTIMIZATION_LEVEL = 0;
				GCC_PREPROCESSOR_DEFINITIONS = (
					"DEBUG=1",
					"$(inherited)",
				);
				GCC_WARN_64_TO_32_BIT_CONVERSION = YES;
				GCC_WARN_ABOUT_RETURN_TYPE = YES_ERROR;
				GCC_WARN_UNDECLARED_SELECTOR = YES;
				GCC_WARN_UNINITIALIZED_AUTOS = YES_AGGRESSIVE;
				GCC_WARN_UNUSED_FUNCTION = YES;
				GCC_WARN_UNUSED_VARIABLE = YES;
				IPHONEOS_DEPLOYMENT_TARGET = 15.4;
				MTL_ENABLE_DEBUG_INFO = INCLUDE_SOURCE;
				MTL_FAST_MATH = YES;
				ONLY_ACTIVE_ARCH = YES;
				SDKROOT = iphoneos;
				SWIFT_ACTIVE_COMPILATION_CONDITIONS = DEBUG;
				SWIFT_OPTIMIZATION_LEVEL = "-Onone";
			};
			name = Debug;
		};
		B03F902C27FBA8AE0086AA82 /* Release */ = {
			isa = XCBuildConfiguration;
			buildSettings = {
				ALWAYS_SEARCH_USER_PATHS = NO;
				CLANG_ANALYZER_NONNULL = YES;
				CLANG_ANALYZER_NUMBER_OBJECT_CONVERSION = YES_AGGRESSIVE;
				CLANG_CXX_LANGUAGE_STANDARD = "gnu++17";
				CLANG_ENABLE_MODULES = YES;
				CLANG_ENABLE_OBJC_ARC = YES;
				CLANG_ENABLE_OBJC_WEAK = YES;
				CLANG_WARN_BLOCK_CAPTURE_AUTORELEASING = YES;
				CLANG_WARN_BOOL_CONVERSION = YES;
				CLANG_WARN_COMMA = YES;
				CLANG_WARN_CONSTANT_CONVERSION = YES;
				CLANG_WARN_DEPRECATED_OBJC_IMPLEMENTATIONS = YES;
				CLANG_WARN_DIRECT_OBJC_ISA_USAGE = YES_ERROR;
				CLANG_WARN_DOCUMENTATION_COMMENTS = YES;
				CLANG_WARN_EMPTY_BODY = YES;
				CLANG_WARN_ENUM_CONVERSION = YES;
				CLANG_WARN_INFINITE_RECURSION = YES;
				CLANG_WARN_INT_CONVERSION = YES;
				CLANG_WARN_NON_LITERAL_NULL_CONVERSION = YES;
				CLANG_WARN_OBJC_IMPLICIT_RETAIN_SELF = YES;
				CLANG_WARN_OBJC_LITERAL_CONVERSION = YES;
				CLANG_WARN_OBJC_ROOT_CLASS = YES_ERROR;
				CLANG_WARN_QUOTED_INCLUDE_IN_FRAMEWORK_HEADER = YES;
				CLANG_WARN_RANGE_LOOP_ANALYSIS = YES;
				CLANG_WARN_STRICT_PROTOTYPES = YES;
				CLANG_WARN_SUSPICIOUS_MOVE = YES;
				CLANG_WARN_UNGUARDED_AVAILABILITY = YES_AGGRESSIVE;
				CLANG_WARN_UNREACHABLE_CODE = YES;
				CLANG_WARN__DUPLICATE_METHOD_MATCH = YES;
				COPY_PHASE_STRIP = NO;
				DEBUG_INFORMATION_FORMAT = "dwarf-with-dsym";
				ENABLE_NS_ASSERTIONS = NO;
				ENABLE_STRICT_OBJC_MSGSEND = YES;
				GCC_C_LANGUAGE_STANDARD = gnu11;
				GCC_NO_COMMON_BLOCKS = YES;
				GCC_WARN_64_TO_32_BIT_CONVERSION = YES;
				GCC_WARN_ABOUT_RETURN_TYPE = YES_ERROR;
				GCC_WARN_UNDECLARED_SELECTOR = YES;
				GCC_WARN_UNINITIALIZED_AUTOS = YES_AGGRESSIVE;
				GCC_WARN_UNUSED_FUNCTION = YES;
				GCC_WARN_UNUSED_VARIABLE = YES;
				IPHONEOS_DEPLOYMENT_TARGET = 15.4;
				MTL_ENABLE_DEBUG_INFO = NO;
				MTL_FAST_MATH = YES;
				SDKROOT = iphoneos;
				SWIFT_COMPILATION_MODE = wholemodule;
				SWIFT_OPTIMIZATION_LEVEL = "-O";
				VALIDATE_PRODUCT = YES;
			};
			name = Release;
		};
		B03F902E27FBA8AE0086AA82 /* Debug */ = {
			isa = XCBuildConfiguration;
			buildSettings = {
				ASSETCATALOG_COMPILER_APPICON_NAME = AppIcon;
				ASSETCATALOG_COMPILER_GLOBAL_ACCENT_COLOR_NAME = AccentColor;
				CODE_SIGN_STYLE = Automatic;
				CURRENT_PROJECT_VERSION = 1;
				GENERATE_INFOPLIST_FILE = YES;
				INFOPLIST_FILE = AngryBirds/Info.plist;
				INFOPLIST_KEY_UIApplicationSupportsIndirectInputEvents = YES;
				INFOPLIST_KEY_UILaunchStoryboardName = LaunchScreen;
				INFOPLIST_KEY_UIMainStoryboardFile = Main;
				INFOPLIST_KEY_UISupportedInterfaceOrientations_iPad = "UIInterfaceOrientationPortrait UIInterfaceOrientationPortraitUpsideDown UIInterfaceOrientationLandscapeLeft UIInterfaceOrientationLandscapeRight";
				INFOPLIST_KEY_UISupportedInterfaceOrientations_iPhone = "UIInterfaceOrientationPortrait UIInterfaceOrientationLandscapeLeft UIInterfaceOrientationLandscapeRight";
				LD_RUNPATH_SEARCH_PATHS = (
					"$(inherited)",
					"@executable_path/Frameworks",
				);
				MARKETING_VERSION = 1.0;
				PRODUCT_BUNDLE_IDENTIFIER = marielwb.AngryBirds;
				PRODUCT_NAME = "$(TARGET_NAME)";
				SWIFT_EMIT_LOC_STRINGS = YES;
				SWIFT_VERSION = 5.0;
				TARGETED_DEVICE_FAMILY = "1,2";
			};
			name = Debug;
		};
		B03F902F27FBA8AE0086AA82 /* Release */ = {
			isa = XCBuildConfiguration;
			buildSettings = {
				ASSETCATALOG_COMPILER_APPICON_NAME = AppIcon;
				ASSETCATALOG_COMPILER_GLOBAL_ACCENT_COLOR_NAME = AccentColor;
				CODE_SIGN_STYLE = Automatic;
				CURRENT_PROJECT_VERSION = 1;
				GENERATE_INFOPLIST_FILE = YES;
				INFOPLIST_FILE = AngryBirds/Info.plist;
				INFOPLIST_KEY_UIApplicationSupportsIndirectInputEvents = YES;
				INFOPLIST_KEY_UILaunchStoryboardName = LaunchScreen;
				INFOPLIST_KEY_UIMainStoryboardFile = Main;
				INFOPLIST_KEY_UISupportedInterfaceOrientations_iPad = "UIInterfaceOrientationPortrait UIInterfaceOrientationPortraitUpsideDown UIInterfaceOrientationLandscapeLeft UIInterfaceOrientationLandscapeRight";
				INFOPLIST_KEY_UISupportedInterfaceOrientations_iPhone = "UIInterfaceOrientationPortrait UIInterfaceOrientationLandscapeLeft UIInterfaceOrientationLandscapeRight";
				LD_RUNPATH_SEARCH_PATHS = (
					"$(inherited)",
					"@executable_path/Frameworks",
				);
				MARKETING_VERSION = 1.0;
				PRODUCT_BUNDLE_IDENTIFIER = marielwb.AngryBirds;
				PRODUCT_NAME = "$(TARGET_NAME)";
				SWIFT_EMIT_LOC_STRINGS = YES;
				SWIFT_VERSION = 5.0;
				TARGETED_DEVICE_FAMILY = "1,2";
			};
			name = Release;
		};
		B03F903127FBA8AE0086AA82 /* Debug */ = {
			isa = XCBuildConfiguration;
			buildSettings = {
				ALWAYS_EMBED_SWIFT_STANDARD_LIBRARIES = YES;
				BUNDLE_LOADER = "$(TEST_HOST)";
				CODE_SIGN_STYLE = Automatic;
				CURRENT_PROJECT_VERSION = 1;
				GENERATE_INFOPLIST_FILE = YES;
				IPHONEOS_DEPLOYMENT_TARGET = 15.4;
				MARKETING_VERSION = 1.0;
				PRODUCT_BUNDLE_IDENTIFIER = marielwb.AngryBirdsTests;
				PRODUCT_NAME = "$(TARGET_NAME)";
				SWIFT_EMIT_LOC_STRINGS = NO;
				SWIFT_VERSION = 5.0;
				TARGETED_DEVICE_FAMILY = "1,2";
				TEST_HOST = "$(BUILT_PRODUCTS_DIR)/AngryBirds.app/AngryBirds";
			};
			name = Debug;
		};
		B03F903227FBA8AE0086AA82 /* Release */ = {
			isa = XCBuildConfiguration;
			buildSettings = {
				ALWAYS_EMBED_SWIFT_STANDARD_LIBRARIES = YES;
				BUNDLE_LOADER = "$(TEST_HOST)";
				CODE_SIGN_STYLE = Automatic;
				CURRENT_PROJECT_VERSION = 1;
				GENERATE_INFOPLIST_FILE = YES;
				IPHONEOS_DEPLOYMENT_TARGET = 15.4;
				MARKETING_VERSION = 1.0;
				PRODUCT_BUNDLE_IDENTIFIER = marielwb.AngryBirdsTests;
				PRODUCT_NAME = "$(TARGET_NAME)";
				SWIFT_EMIT_LOC_STRINGS = NO;
				SWIFT_VERSION = 5.0;
				TARGETED_DEVICE_FAMILY = "1,2";
				TEST_HOST = "$(BUILT_PRODUCTS_DIR)/AngryBirds.app/AngryBirds";
			};
			name = Release;
		};
		B03F903427FBA8AE0086AA82 /* Debug */ = {
			isa = XCBuildConfiguration;
			buildSettings = {
				ALWAYS_EMBED_SWIFT_STANDARD_LIBRARIES = YES;
				CODE_SIGN_STYLE = Automatic;
				CURRENT_PROJECT_VERSION = 1;
				GENERATE_INFOPLIST_FILE = YES;
				MARKETING_VERSION = 1.0;
				PRODUCT_BUNDLE_IDENTIFIER = marielwb.AngryBirdsUITests;
				PRODUCT_NAME = "$(TARGET_NAME)";
				SWIFT_EMIT_LOC_STRINGS = NO;
				SWIFT_VERSION = 5.0;
				TARGETED_DEVICE_FAMILY = "1,2";
				TEST_TARGET_NAME = AngryBirds;
			};
			name = Debug;
		};
		B03F903527FBA8AE0086AA82 /* Release */ = {
			isa = XCBuildConfiguration;
			buildSettings = {
				ALWAYS_EMBED_SWIFT_STANDARD_LIBRARIES = YES;
				CODE_SIGN_STYLE = Automatic;
				CURRENT_PROJECT_VERSION = 1;
				GENERATE_INFOPLIST_FILE = YES;
				MARKETING_VERSION = 1.0;
				PRODUCT_BUNDLE_IDENTIFIER = marielwb.AngryBirdsUITests;
				PRODUCT_NAME = "$(TARGET_NAME)";
				SWIFT_EMIT_LOC_STRINGS = NO;
				SWIFT_VERSION = 5.0;
				TARGETED_DEVICE_FAMILY = "1,2";
				TEST_TARGET_NAME = AngryBirds;
			};
			name = Release;
		};
/* End XCBuildConfiguration section */

/* Begin XCConfigurationList section */
		B03F8FFB27FBA8AC0086AA82 /* Build configuration list for PBXProject "AngryBirds" */ = {
			isa = XCConfigurationList;
			buildConfigurations = (
				B03F902B27FBA8AE0086AA82 /* Debug */,
				B03F902C27FBA8AE0086AA82 /* Release */,
			);
			defaultConfigurationIsVisible = 0;
			defaultConfigurationName = Release;
		};
		B03F902D27FBA8AE0086AA82 /* Build configuration list for PBXNativeTarget "AngryBirds" */ = {
			isa = XCConfigurationList;
			buildConfigurations = (
				B03F902E27FBA8AE0086AA82 /* Debug */,
				B03F902F27FBA8AE0086AA82 /* Release */,
			);
			defaultConfigurationIsVisible = 0;
			defaultConfigurationName = Release;
		};
		B03F903027FBA8AE0086AA82 /* Build configuration list for PBXNativeTarget "AngryBirdsTests" */ = {
			isa = XCConfigurationList;
			buildConfigurations = (
				B03F903127FBA8AE0086AA82 /* Debug */,
				B03F903227FBA8AE0086AA82 /* Release */,
			);
			defaultConfigurationIsVisible = 0;
			defaultConfigurationName = Release;
		};
		B03F903327FBA8AE0086AA82 /* Build configuration list for PBXNativeTarget "AngryBirdsUITests" */ = {
			isa = XCConfigurationList;
			buildConfigurations = (
				B03F903427FBA8AE0086AA82 /* Debug */,
				B03F903527FBA8AE0086AA82 /* Release */,
			);
			defaultConfigurationIsVisible = 0;
			defaultConfigurationName = Release;
		};
/* End XCConfigurationList section */

/* Begin XCVersionGroup section */
		B03F900C27FBA8AC0086AA82 /* AngryBirds.xcdatamodeld */ = {
			isa = XCVersionGroup;
			children = (
				B03F900D27FBA8AC0086AA82 /* AngryBirds.xcdatamodel */,
			);
			currentVersion = B03F900D27FBA8AC0086AA82 /* AngryBirds.xcdatamodel */;
			path = AngryBirds.xcdatamodeld;
			sourceTree = "<group>";
			versionGroupType = wrapper.xcdatamodel;
		};
/* End XCVersionGroup section */
	};
	rootObject = B03F8FF827FBA8AC0086AA82 /* Project object */;
}
