// !$*UTF8*$!
{
	archiveVersion = 1;
	classes = {
	};
	objectVersion = 55;
	objects = {

/* Begin PBXBuildFile section */
		B0319D7F2803C406002C7C58 /* AppDelegate.swift in Sources */ = {isa = PBXBuildFile; fileRef = B0319D7E2803C406002C7C58 /* AppDelegate.swift */; };
		B0319D812803C406002C7C58 /* SceneDelegate.swift in Sources */ = {isa = PBXBuildFile; fileRef = B0319D802803C406002C7C58 /* SceneDelegate.swift */; };
		B0319D832803C406002C7C58 /* ViewController.swift in Sources */ = {isa = PBXBuildFile; fileRef = B0319D822803C406002C7C58 /* ViewController.swift */; };
		B0319D862803C406002C7C58 /* Main.storyboard in Resources */ = {isa = PBXBuildFile; fileRef = B0319D842803C406002C7C58 /* Main.storyboard */; };
		B0319D892803C406002C7C58 /* YumProduce.xcdatamodeld in Sources */ = {isa = PBXBuildFile; fileRef = B0319D872803C406002C7C58 /* YumProduce.xcdatamodeld */; };
		B0319D8B2803C408002C7C58 /* Assets.xcassets in Resources */ = {isa = PBXBuildFile; fileRef = B0319D8A2803C408002C7C58 /* Assets.xcassets */; };
		B0319D8E2803C408002C7C58 /* LaunchScreen.storyboard in Resources */ = {isa = PBXBuildFile; fileRef = B0319D8C2803C408002C7C58 /* LaunchScreen.storyboard */; };
		B0319D992803C408002C7C58 /* YumProduceTests.swift in Sources */ = {isa = PBXBuildFile; fileRef = B0319D982803C408002C7C58 /* YumProduceTests.swift */; };
		B0319DA32803C408002C7C58 /* YumProduceUITests.swift in Sources */ = {isa = PBXBuildFile; fileRef = B0319DA22803C408002C7C58 /* YumProduceUITests.swift */; };
		B0319DA52803C408002C7C58 /* YumProduceUITestsLaunchTests.swift in Sources */ = {isa = PBXBuildFile; fileRef = B0319DA42803C408002C7C58 /* YumProduceUITestsLaunchTests.swift */; };
/* End PBXBuildFile section */

/* Begin PBXContainerItemProxy section */
		B0319D952803C408002C7C58 /* PBXContainerItemProxy */ = {
			isa = PBXContainerItemProxy;
			containerPortal = B0319D732803C406002C7C58 /* Project object */;
			proxyType = 1;
			remoteGlobalIDString = B0319D7A2803C406002C7C58;
			remoteInfo = YumProduce;
		};
		B0319D9F2803C408002C7C58 /* PBXContainerItemProxy */ = {
			isa = PBXContainerItemProxy;
			containerPortal = B0319D732803C406002C7C58 /* Project object */;
			proxyType = 1;
			remoteGlobalIDString = B0319D7A2803C406002C7C58;
			remoteInfo = YumProduce;
		};
/* End PBXContainerItemProxy section */

/* Begin PBXFileReference section */
		B0319D7B2803C406002C7C58 /* YumProduce.app */ = {isa = PBXFileReference; explicitFileType = wrapper.application; includeInIndex = 0; path = YumProduce.app; sourceTree = BUILT_PRODUCTS_DIR; };
		B0319D7E2803C406002C7C58 /* AppDelegate.swift */ = {isa = PBXFileReference; lastKnownFileType = sourcecode.swift; path = AppDelegate.swift; sourceTree = "<group>"; };
		B0319D802803C406002C7C58 /* SceneDelegate.swift */ = {isa = PBXFileReference; lastKnownFileType = sourcecode.swift; path = SceneDelegate.swift; sourceTree = "<group>"; };
		B0319D822803C406002C7C58 /* ViewController.swift */ = {isa = PBXFileReference; lastKnownFileType = sourcecode.swift; path = ViewController.swift; sourceTree = "<group>"; };
		B0319D852803C406002C7C58 /* Base */ = {isa = PBXFileReference; lastKnownFileType = file.storyboard; name = Base; path = Base.lproj/Main.storyboard; sourceTree = "<group>"; };
		B0319D882803C406002C7C58 /* YumProduce.xcdatamodel */ = {isa = PBXFileReference; lastKnownFileType = wrapper.xcdatamodel; path = YumProduce.xcdatamodel; sourceTree = "<group>"; };
		B0319D8A2803C408002C7C58 /* Assets.xcassets */ = {isa = PBXFileReference; lastKnownFileType = folder.assetcatalog; path = Assets.xcassets; sourceTree = "<group>"; };
		B0319D8D2803C408002C7C58 /* Base */ = {isa = PBXFileReference; lastKnownFileType = file.storyboard; name = Base; path = Base.lproj/LaunchScreen.storyboard; sourceTree = "<group>"; };
		B0319D8F2803C408002C7C58 /* Info.plist */ = {isa = PBXFileReference; lastKnownFileType = text.plist.xml; path = Info.plist; sourceTree = "<group>"; };
		B0319D942803C408002C7C58 /* YumProduceTests.xctest */ = {isa = PBXFileReference; explicitFileType = wrapper.cfbundle; includeInIndex = 0; path = YumProduceTests.xctest; sourceTree = BUILT_PRODUCTS_DIR; };
		B0319D982803C408002C7C58 /* YumProduceTests.swift */ = {isa = PBXFileReference; lastKnownFileType = sourcecode.swift; path = YumProduceTests.swift; sourceTree = "<group>"; };
		B0319D9E2803C408002C7C58 /* YumProduceUITests.xctest */ = {isa = PBXFileReference; explicitFileType = wrapper.cfbundle; includeInIndex = 0; path = YumProduceUITests.xctest; sourceTree = BUILT_PRODUCTS_DIR; };
		B0319DA22803C408002C7C58 /* YumProduceUITests.swift */ = {isa = PBXFileReference; lastKnownFileType = sourcecode.swift; path = YumProduceUITests.swift; sourceTree = "<group>"; };
		B0319DA42803C408002C7C58 /* YumProduceUITestsLaunchTests.swift */ = {isa = PBXFileReference; lastKnownFileType = sourcecode.swift; path = YumProduceUITestsLaunchTests.swift; sourceTree = "<group>"; };
/* End PBXFileReference section */

/* Begin PBXFrameworksBuildPhase section */
		B0319D782803C406002C7C58 /* Frameworks */ = {
			isa = PBXFrameworksBuildPhase;
			buildActionMask = 2147483647;
			files = (
			);
			runOnlyForDeploymentPostprocessing = 0;
		};
		B0319D912803C408002C7C58 /* Frameworks */ = {
			isa = PBXFrameworksBuildPhase;
			buildActionMask = 2147483647;
			files = (
			);
			runOnlyForDeploymentPostprocessing = 0;
		};
		B0319D9B2803C408002C7C58 /* Frameworks */ = {
			isa = PBXFrameworksBuildPhase;
			buildActionMask = 2147483647;
			files = (
			);
			runOnlyForDeploymentPostprocessing = 0;
		};
/* End PBXFrameworksBuildPhase section */

/* Begin PBXGroup section */
		B0319D722803C406002C7C58 = {
			isa = PBXGroup;
			children = (
				B0319D7D2803C406002C7C58 /* YumProduce */,
				B0319D972803C408002C7C58 /* YumProduceTests */,
				B0319DA12803C408002C7C58 /* YumProduceUITests */,
				B0319D7C2803C406002C7C58 /* Products */,
			);
			sourceTree = "<group>";
		};
		B0319D7C2803C406002C7C58 /* Products */ = {
			isa = PBXGroup;
			children = (
				B0319D7B2803C406002C7C58 /* YumProduce.app */,
				B0319D942803C408002C7C58 /* YumProduceTests.xctest */,
				B0319D9E2803C408002C7C58 /* YumProduceUITests.xctest */,
			);
			name = Products;
			sourceTree = "<group>";
		};
		B0319D7D2803C406002C7C58 /* YumProduce */ = {
			isa = PBXGroup;
			children = (
				B0319D7E2803C406002C7C58 /* AppDelegate.swift */,
				B0319D802803C406002C7C58 /* SceneDelegate.swift */,
				B0319D822803C406002C7C58 /* ViewController.swift */,
				B0319D842803C406002C7C58 /* Main.storyboard */,
				B0319D8A2803C408002C7C58 /* Assets.xcassets */,
				B0319D8C2803C408002C7C58 /* LaunchScreen.storyboard */,
				B0319D8F2803C408002C7C58 /* Info.plist */,
				B0319D872803C406002C7C58 /* YumProduce.xcdatamodeld */,
			);
			path = YumProduce;
			sourceTree = "<group>";
		};
		B0319D972803C408002C7C58 /* YumProduceTests */ = {
			isa = PBXGroup;
			children = (
				B0319D982803C408002C7C58 /* YumProduceTests.swift */,
			);
			path = YumProduceTests;
			sourceTree = "<group>";
		};
		B0319DA12803C408002C7C58 /* YumProduceUITests */ = {
			isa = PBXGroup;
			children = (
				B0319DA22803C408002C7C58 /* YumProduceUITests.swift */,
				B0319DA42803C408002C7C58 /* YumProduceUITestsLaunchTests.swift */,
			);
			path = YumProduceUITests;
			sourceTree = "<group>";
		};
/* End PBXGroup section */

/* Begin PBXNativeTarget section */
		B0319D7A2803C406002C7C58 /* YumProduce */ = {
			isa = PBXNativeTarget;
			buildConfigurationList = B0319DA82803C408002C7C58 /* Build configuration list for PBXNativeTarget "YumProduce" */;
			buildPhases = (
				B0319D772803C406002C7C58 /* Sources */,
				B0319D782803C406002C7C58 /* Frameworks */,
				B0319D792803C406002C7C58 /* Resources */,
			);
			buildRules = (
			);
			dependencies = (
			);
			name = YumProduce;
			productName = YumProduce;
			productReference = B0319D7B2803C406002C7C58 /* YumProduce.app */;
			productType = "com.apple.product-type.application";
		};
		B0319D932803C408002C7C58 /* YumProduceTests */ = {
			isa = PBXNativeTarget;
			buildConfigurationList = B0319DAB2803C408002C7C58 /* Build configuration list for PBXNativeTarget "YumProduceTests" */;
			buildPhases = (
				B0319D902803C408002C7C58 /* Sources */,
				B0319D912803C408002C7C58 /* Frameworks */,
				B0319D922803C408002C7C58 /* Resources */,
			);
			buildRules = (
			);
			dependencies = (
				B0319D962803C408002C7C58 /* PBXTargetDependency */,
			);
			name = YumProduceTests;
			productName = YumProduceTests;
			productReference = B0319D942803C408002C7C58 /* YumProduceTests.xctest */;
			productType = "com.apple.product-type.bundle.unit-test";
		};
		B0319D9D2803C408002C7C58 /* YumProduceUITests */ = {
			isa = PBXNativeTarget;
			buildConfigurationList = B0319DAE2803C408002C7C58 /* Build configuration list for PBXNativeTarget "YumProduceUITests" */;
			buildPhases = (
				B0319D9A2803C408002C7C58 /* Sources */,
				B0319D9B2803C408002C7C58 /* Frameworks */,
				B0319D9C2803C408002C7C58 /* Resources */,
			);
			buildRules = (
			);
			dependencies = (
				B0319DA02803C408002C7C58 /* PBXTargetDependency */,
			);
			name = YumProduceUITests;
			productName = YumProduceUITests;
			productReference = B0319D9E2803C408002C7C58 /* YumProduceUITests.xctest */;
			productType = "com.apple.product-type.bundle.ui-testing";
		};
/* End PBXNativeTarget section */

/* Begin PBXProject section */
		B0319D732803C406002C7C58 /* Project object */ = {
			isa = PBXProject;
			attributes = {
				BuildIndependentTargetsInParallel = 1;
				LastSwiftUpdateCheck = 1330;
				LastUpgradeCheck = 1330;
				TargetAttributes = {
					B0319D7A2803C406002C7C58 = {
						CreatedOnToolsVersion = 13.3;
					};
					B0319D932803C408002C7C58 = {
						CreatedOnToolsVersion = 13.3;
						TestTargetID = B0319D7A2803C406002C7C58;
					};
					B0319D9D2803C408002C7C58 = {
						CreatedOnToolsVersion = 13.3;
						TestTargetID = B0319D7A2803C406002C7C58;
					};
				};
			};
			buildConfigurationList = B0319D762803C406002C7C58 /* Build configuration list for PBXProject "YumProduce" */;
			compatibilityVersion = "Xcode 13.0";
			developmentRegion = en;
			hasScannedForEncodings = 0;
			knownRegions = (
				en,
				Base,
			);
			mainGroup = B0319D722803C406002C7C58;
			productRefGroup = B0319D7C2803C406002C7C58 /* Products */;
			projectDirPath = "";
			projectRoot = "";
			targets = (
				B0319D7A2803C406002C7C58 /* YumProduce */,
				B0319D932803C408002C7C58 /* YumProduceTests */,
				B0319D9D2803C408002C7C58 /* YumProduceUITests */,
			);
		};
/* End PBXProject section */

/* Begin PBXResourcesBuildPhase section */
		B0319D792803C406002C7C58 /* Resources */ = {
			isa = PBXResourcesBuildPhase;
			buildActionMask = 2147483647;
			files = (
				B0319D8E2803C408002C7C58 /* LaunchScreen.storyboard in Resources */,
				B0319D8B2803C408002C7C58 /* Assets.xcassets in Resources */,
				B0319D862803C406002C7C58 /* Main.storyboard in Resources */,
			);
			runOnlyForDeploymentPostprocessing = 0;
		};
		B0319D922803C408002C7C58 /* Resources */ = {
			isa = PBXResourcesBuildPhase;
			buildActionMask = 2147483647;
			files = (
			);
			runOnlyForDeploymentPostprocessing = 0;
		};
		B0319D9C2803C408002C7C58 /* Resources */ = {
			isa = PBXResourcesBuildPhase;
			buildActionMask = 2147483647;
			files = (
			);
			runOnlyForDeploymentPostprocessing = 0;
		};
/* End PBXResourcesBuildPhase section */

/* Begin PBXSourcesBuildPhase section */
		B0319D772803C406002C7C58 /* Sources */ = {
			isa = PBXSourcesBuildPhase;
			buildActionMask = 2147483647;
			files = (
				B0319D892803C406002C7C58 /* YumProduce.xcdatamodeld in Sources */,
				B0319D832803C406002C7C58 /* ViewController.swift in Sources */,
				B0319D7F2803C406002C7C58 /* AppDelegate.swift in Sources */,
				B0319D812803C406002C7C58 /* SceneDelegate.swift in Sources */,
			);
			runOnlyForDeploymentPostprocessing = 0;
		};
		B0319D902803C408002C7C58 /* Sources */ = {
			isa = PBXSourcesBuildPhase;
			buildActionMask = 2147483647;
			files = (
				B0319D992803C408002C7C58 /* YumProduceTests.swift in Sources */,
			);
			runOnlyForDeploymentPostprocessing = 0;
		};
		B0319D9A2803C408002C7C58 /* Sources */ = {
			isa = PBXSourcesBuildPhase;
			buildActionMask = 2147483647;
			files = (
				B0319DA32803C408002C7C58 /* YumProduceUITests.swift in Sources */,
				B0319DA52803C408002C7C58 /* YumProduceUITestsLaunchTests.swift in Sources */,
			);
			runOnlyForDeploymentPostprocessing = 0;
		};
/* End PBXSourcesBuildPhase section */

/* Begin PBXTargetDependency section */
		B0319D962803C408002C7C58 /* PBXTargetDependency */ = {
			isa = PBXTargetDependency;
			target = B0319D7A2803C406002C7C58 /* YumProduce */;
			targetProxy = B0319D952803C408002C7C58 /* PBXContainerItemProxy */;
		};
		B0319DA02803C408002C7C58 /* PBXTargetDependency */ = {
			isa = PBXTargetDependency;
			target = B0319D7A2803C406002C7C58 /* YumProduce */;
			targetProxy = B0319D9F2803C408002C7C58 /* PBXContainerItemProxy */;
		};
/* End PBXTargetDependency section */

/* Begin PBXVariantGroup section */
		B0319D842803C406002C7C58 /* Main.storyboard */ = {
			isa = PBXVariantGroup;
			children = (
				B0319D852803C406002C7C58 /* Base */,
			);
			name = Main.storyboard;
			sourceTree = "<group>";
		};
		B0319D8C2803C408002C7C58 /* LaunchScreen.storyboard */ = {
			isa = PBXVariantGroup;
			children = (
				B0319D8D2803C408002C7C58 /* Base */,
			);
			name = LaunchScreen.storyboard;
			sourceTree = "<group>";
		};
/* End PBXVariantGroup section */

/* Begin XCBuildConfiguration section */
		B0319DA62803C408002C7C58 /* Debug */ = {
			isa = XCBuildConfiguration;
			buildSettings = {
				ALWAYS_SEARCH_USER_PATHS = NO;
				CLANG_ANALYZER_NONNULL = YES;
				CLANG_ANALYZER_NUMBER_OBJECT_CONVERSION = YES_AGGRESSIVE;
				CLANG_CXX_LANGUAGE_STANDARD = "gnu++17";
				CLANG_ENABLE_MODULES = YES;
				CLANG_ENABLE_OBJC_ARC = YES;
				CLANG_ENABLE_OBJC_WEAK = YES;
				CLANG_WARN_BLOCK_CAPTURE_AUTORELEASING = YES;
				CLANG_WARN_BOOL_CONVERSION = YES;
				CLANG_WARN_COMMA = YES;
				CLANG_WARN_CONSTANT_CONVERSION = YES;
				CLANG_WARN_DEPRECATED_OBJC_IMPLEMENTATIONS = YES;
				CLANG_WARN_DIRECT_OBJC_ISA_USAGE = YES_ERROR;
				CLANG_WARN_DOCUMENTATION_COMMENTS = YES;
				CLANG_WARN_EMPTY_BODY = YES;
				CLANG_WARN_ENUM_CONVERSION = YES;
				CLANG_WARN_INFINITE_RECURSION = YES;
				CLANG_WARN_INT_CONVERSION = YES;
				CLANG_WARN_NON_LITERAL_NULL_CONVERSION = YES;
				CLANG_WARN_OBJC_IMPLICIT_RETAIN_SELF = YES;
				CLANG_WARN_OBJC_LITERAL_CONVERSION = YES;
				CLANG_WARN_OBJC_ROOT_CLASS = YES_ERROR;
				CLANG_WARN_QUOTED_INCLUDE_IN_FRAMEWORK_HEADER = YES;
				CLANG_WARN_RANGE_LOOP_ANALYSIS = YES;
				CLANG_WARN_STRICT_PROTOTYPES = YES;
				CLANG_WARN_SUSPICIOUS_MOVE = YES;
				CLANG_WARN_UNGUARDED_AVAILABILITY = YES_AGGRESSIVE;
				CLANG_WARN_UNREACHABLE_CODE = YES;
				CLANG_WARN__DUPLICATE_METHOD_MATCH = YES;
				COPY_PHASE_STRIP = NO;
				DEBUG_INFORMATION_FORMAT = dwarf;
				ENABLE_STRICT_OBJC_MSGSEND = YES;
				ENABLE_TESTABILITY = YES;
				GCC_C_LANGUAGE_STANDARD = gnu11;
				GCC_DYNAMIC_NO_PIC = NO;
				GCC_NO_COMMON_BLOCKS = YES;
				GCC_OPTIMIZATION_LEVEL = 0;
				GCC_PREPROCESSOR_DEFINITIONS = (
					"DEBUG=1",
					"$(inherited)",
				);
				GCC_WARN_64_TO_32_BIT_CONVERSION = YES;
				GCC_WARN_ABOUT_RETURN_TYPE = YES_ERROR;
				GCC_WARN_UNDECLARED_SELECTOR = YES;
				GCC_WARN_UNINITIALIZED_AUTOS = YES_AGGRESSIVE;
				GCC_WARN_UNUSED_FUNCTION = YES;
				GCC_WARN_UNUSED_VARIABLE = YES;
				IPHONEOS_DEPLOYMENT_TARGET = 15.4;
				MTL_ENABLE_DEBUG_INFO = INCLUDE_SOURCE;
				MTL_FAST_MATH = YES;
				ONLY_ACTIVE_ARCH = YES;
				SDKROOT = iphoneos;
				SWIFT_ACTIVE_COMPILATION_CONDITIONS = DEBUG;
				SWIFT_OPTIMIZATION_LEVEL = "-Onone";
			};
			name = Debug;
		};
		B0319DA72803C408002C7C58 /* Release */ = {
			isa = XCBuildConfiguration;
			buildSettings = {
				ALWAYS_SEARCH_USER_PATHS = NO;
				CLANG_ANALYZER_NONNULL = YES;
				CLANG_ANALYZER_NUMBER_OBJECT_CONVERSION = YES_AGGRESSIVE;
				CLANG_CXX_LANGUAGE_STANDARD = "gnu++17";
				CLANG_ENABLE_MODULES = YES;
				CLANG_ENABLE_OBJC_ARC = YES;
				CLANG_ENABLE_OBJC_WEAK = YES;
				CLANG_WARN_BLOCK_CAPTURE_AUTORELEASING = YES;
				CLANG_WARN_BOOL_CONVERSION = YES;
				CLANG_WARN_COMMA = YES;
				CLANG_WARN_CONSTANT_CONVERSION = YES;
				CLANG_WARN_DEPRECATED_OBJC_IMPLEMENTATIONS = YES;
				CLANG_WARN_DIRECT_OBJC_ISA_USAGE = YES_ERROR;
				CLANG_WARN_DOCUMENTATION_COMMENTS = YES;
				CLANG_WARN_EMPTY_BODY = YES;
				CLANG_WARN_ENUM_CONVERSION = YES;
				CLANG_WARN_INFINITE_RECURSION = YES;
				CLANG_WARN_INT_CONVERSION = YES;
				CLANG_WARN_NON_LITERAL_NULL_CONVERSION = YES;
				CLANG_WARN_OBJC_IMPLICIT_RETAIN_SELF = YES;
				CLANG_WARN_OBJC_LITERAL_CONVERSION = YES;
				CLANG_WARN_OBJC_ROOT_CLASS = YES_ERROR;
				CLANG_WARN_QUOTED_INCLUDE_IN_FRAMEWORK_HEADER = YES;
				CLANG_WARN_RANGE_LOOP_ANALYSIS = YES;
				CLANG_WARN_STRICT_PROTOTYPES = YES;
				CLANG_WARN_SUSPICIOUS_MOVE = YES;
				CLANG_WARN_UNGUARDED_AVAILABILITY = YES_AGGRESSIVE;
				CLANG_WARN_UNREACHABLE_CODE = YES;
				CLANG_WARN__DUPLICATE_METHOD_MATCH = YES;
				COPY_PHASE_STRIP = NO;
				DEBUG_INFORMATION_FORMAT = "dwarf-with-dsym";
				ENABLE_NS_ASSERTIONS = NO;
				ENABLE_STRICT_OBJC_MSGSEND = YES;
				GCC_C_LANGUAGE_STANDARD = gnu11;
				GCC_NO_COMMON_BLOCKS = YES;
				GCC_WARN_64_TO_32_BIT_CONVERSION = YES;
				GCC_WARN_ABOUT_RETURN_TYPE = YES_ERROR;
				GCC_WARN_UNDECLARED_SELECTOR = YES;
				GCC_WARN_UNINITIALIZED_AUTOS = YES_AGGRESSIVE;
				GCC_WARN_UNUSED_FUNCTION = YES;
				GCC_WARN_UNUSED_VARIABLE = YES;
				IPHONEOS_DEPLOYMENT_TARGET = 15.4;
				MTL_ENABLE_DEBUG_INFO = NO;
				MTL_FAST_MATH = YES;
				SDKROOT = iphoneos;
				SWIFT_COMPILATION_MODE = wholemodule;
				SWIFT_OPTIMIZATION_LEVEL = "-O";
				VALIDATE_PRODUCT = YES;
			};
			name = Release;
		};
		B0319DA92803C408002C7C58 /* Debug */ = {
			isa = XCBuildConfiguration;
			buildSettings = {
				ASSETCATALOG_COMPILER_APPICON_NAME = AppIcon;
				ASSETCATALOG_COMPILER_GLOBAL_ACCENT_COLOR_NAME = AccentColor;
				CODE_SIGN_STYLE = Automatic;
				CURRENT_PROJECT_VERSION = 1;
				DEVELOPMENT_TEAM = 258A5NH7NL;
				GENERATE_INFOPLIST_FILE = YES;
				INFOPLIST_FILE = YumProduce/Info.plist;
				INFOPLIST_KEY_UIApplicationSupportsIndirectInputEvents = YES;
				INFOPLIST_KEY_UILaunchStoryboardName = LaunchScreen;
				INFOPLIST_KEY_UIMainStoryboardFile = Main;
				INFOPLIST_KEY_UISupportedInterfaceOrientations_iPad = "UIInterfaceOrientationPortrait UIInterfaceOrientationPortraitUpsideDown UIInterfaceOrientationLandscapeLeft UIInterfaceOrientationLandscapeRight";
				INFOPLIST_KEY_UISupportedInterfaceOrientations_iPhone = "UIInterfaceOrientationPortrait UIInterfaceOrientationLandscapeLeft UIInterfaceOrientationLandscapeRight";
				LD_RUNPATH_SEARCH_PATHS = (
					"$(inherited)",
					"@executable_path/Frameworks",
				);
				MARKETING_VERSION = 1.0;
				PRODUCT_BUNDLE_IDENTIFIER = marielwb.YumProduce;
				PRODUCT_NAME = "$(TARGET_NAME)";
				SWIFT_EMIT_LOC_STRINGS = YES;
				SWIFT_VERSION = 5.0;
				TARGETED_DEVICE_FAMILY = "1,2";
			};
			name = Debug;
		};
		B0319DAA2803C408002C7C58 /* Release */ = {
			isa = XCBuildConfiguration;
			buildSettings = {
				ASSETCATALOG_COMPILER_APPICON_NAME = AppIcon;
				ASSETCATALOG_COMPILER_GLOBAL_ACCENT_COLOR_NAME = AccentColor;
				CODE_SIGN_STYLE = Automatic;
				CURRENT_PROJECT_VERSION = 1;
				DEVELOPMENT_TEAM = 258A5NH7NL;
				GENERATE_INFOPLIST_FILE = YES;
				INFOPLIST_FILE = YumProduce/Info.plist;
				INFOPLIST_KEY_UIApplicationSupportsIndirectInputEvents = YES;
				INFOPLIST_KEY_UILaunchStoryboardName = LaunchScreen;
				INFOPLIST_KEY_UIMainStoryboardFile = Main;
				INFOPLIST_KEY_UISupportedInterfaceOrientations_iPad = "UIInterfaceOrientationPortrait UIInterfaceOrientationPortraitUpsideDown UIInterfaceOrientationLandscapeLeft UIInterfaceOrientationLandscapeRight";
				INFOPLIST_KEY_UISupportedInterfaceOrientations_iPhone = "UIInterfaceOrientationPortrait UIInterfaceOrientationLandscapeLeft UIInterfaceOrientationLandscapeRight";
				LD_RUNPATH_SEARCH_PATHS = (
					"$(inherited)",
					"@executable_path/Frameworks",
				);
				MARKETING_VERSION = 1.0;
				PRODUCT_BUNDLE_IDENTIFIER = marielwb.YumProduce;
				PRODUCT_NAME = "$(TARGET_NAME)";
				SWIFT_EMIT_LOC_STRINGS = YES;
				SWIFT_VERSION = 5.0;
				TARGETED_DEVICE_FAMILY = "1,2";
			};
			name = Release;
		};
		B0319DAC2803C408002C7C58 /* Debug */ = {
			isa = XCBuildConfiguration;
			buildSettings = {
				ALWAYS_EMBED_SWIFT_STANDARD_LIBRARIES = YES;
				BUNDLE_LOADER = "$(TEST_HOST)";
				CODE_SIGN_STYLE = Automatic;
				CURRENT_PROJECT_VERSION = 1;
				DEVELOPMENT_TEAM = 258A5NH7NL;
				GENERATE_INFOPLIST_FILE = YES;
				IPHONEOS_DEPLOYMENT_TARGET = 15.4;
				MARKETING_VERSION = 1.0;
				PRODUCT_BUNDLE_IDENTIFIER = marielwb.YumProduceTests;
				PRODUCT_NAME = "$(TARGET_NAME)";
				SWIFT_EMIT_LOC_STRINGS = NO;
				SWIFT_VERSION = 5.0;
				TARGETED_DEVICE_FAMILY = "1,2";
				TEST_HOST = "$(BUILT_PRODUCTS_DIR)/YumProduce.app/YumProduce";
			};
			name = Debug;
		};
		B0319DAD2803C408002C7C58 /* Release */ = {
			isa = XCBuildConfiguration;
			buildSettings = {
				ALWAYS_EMBED_SWIFT_STANDARD_LIBRARIES = YES;
				BUNDLE_LOADER = "$(TEST_HOST)";
				CODE_SIGN_STYLE = Automatic;
				CURRENT_PROJECT_VERSION = 1;
				DEVELOPMENT_TEAM = 258A5NH7NL;
				GENERATE_INFOPLIST_FILE = YES;
				IPHONEOS_DEPLOYMENT_TARGET = 15.4;
				MARKETING_VERSION = 1.0;
				PRODUCT_BUNDLE_IDENTIFIER = marielwb.YumProduceTests;
				PRODUCT_NAME = "$(TARGET_NAME)";
				SWIFT_EMIT_LOC_STRINGS = NO;
				SWIFT_VERSION = 5.0;
				TARGETED_DEVICE_FAMILY = "1,2";
				TEST_HOST = "$(BUILT_PRODUCTS_DIR)/YumProduce.app/YumProduce";
			};
			name = Release;
		};
		B0319DAF2803C408002C7C58 /* Debug */ = {
			isa = XCBuildConfiguration;
			buildSettings = {
				ALWAYS_EMBED_SWIFT_STANDARD_LIBRARIES = YES;
				CODE_SIGN_STYLE = Automatic;
				CURRENT_PROJECT_VERSION = 1;
				DEVELOPMENT_TEAM = 258A5NH7NL;
				GENERATE_INFOPLIST_FILE = YES;
				MARKETING_VERSION = 1.0;
				PRODUCT_BUNDLE_IDENTIFIER = marielwb.YumProduceUITests;
				PRODUCT_NAME = "$(TARGET_NAME)";
				SWIFT_EMIT_LOC_STRINGS = NO;
				SWIFT_VERSION = 5.0;
				TARGETED_DEVICE_FAMILY = "1,2";
				TEST_TARGET_NAME = YumProduce;
			};
			name = Debug;
		};
		B0319DB02803C408002C7C58 /* Release */ = {
			isa = XCBuildConfiguration;
			buildSettings = {
				ALWAYS_EMBED_SWIFT_STANDARD_LIBRARIES = YES;
				CODE_SIGN_STYLE = Automatic;
				CURRENT_PROJECT_VERSION = 1;
				DEVELOPMENT_TEAM = 258A5NH7NL;
				GENERATE_INFOPLIST_FILE = YES;
				MARKETING_VERSION = 1.0;
				PRODUCT_BUNDLE_IDENTIFIER = marielwb.YumProduceUITests;
				PRODUCT_NAME = "$(TARGET_NAME)";
				SWIFT_EMIT_LOC_STRINGS = NO;
				SWIFT_VERSION = 5.0;
				TARGETED_DEVICE_FAMILY = "1,2";
				TEST_TARGET_NAME = YumProduce;
			};
			name = Release;
		};
/* End XCBuildConfiguration section */

/* Begin XCConfigurationList section */
		B0319D762803C406002C7C58 /* Build configuration list for PBXProject "YumProduce" */ = {
			isa = XCConfigurationList;
			buildConfigurations = (
				B0319DA62803C408002C7C58 /* Debug */,
				B0319DA72803C408002C7C58 /* Release */,
			);
			defaultConfigurationIsVisible = 0;
			defaultConfigurationName = Release;
		};
		B0319DA82803C408002C7C58 /* Build configuration list for PBXNativeTarget "YumProduce" */ = {
			isa = XCConfigurationList;
			buildConfigurations = (
				B0319DA92803C408002C7C58 /* Debug */,
				B0319DAA2803C408002C7C58 /* Release */,
			);
			defaultConfigurationIsVisible = 0;
			defaultConfigurationName = Release;
		};
		B0319DAB2803C408002C7C58 /* Build configuration list for PBXNativeTarget "YumProduceTests" */ = {
			isa = XCConfigurationList;
			buildConfigurations = (
				B0319DAC2803C408002C7C58 /* Debug */,
				B0319DAD2803C408002C7C58 /* Release */,
			);
			defaultConfigurationIsVisible = 0;
			defaultConfigurationName = Release;
		};
		B0319DAE2803C408002C7C58 /* Build configuration list for PBXNativeTarget "YumProduceUITests" */ = {
			isa = XCConfigurationList;
			buildConfigurations = (
				B0319DAF2803C408002C7C58 /* Debug */,
				B0319DB02803C408002C7C58 /* Release */,
			);
			defaultConfigurationIsVisible = 0;
			defaultConfigurationName = Release;
		};
/* End XCConfigurationList section */

/* Begin XCVersionGroup section */
		B0319D872803C406002C7C58 /* YumProduce.xcdatamodeld */ = {
			isa = XCVersionGroup;
			children = (
				B0319D882803C406002C7C58 /* YumProduce.xcdatamodel */,
			);
			currentVersion = B0319D882803C406002C7C58 /* YumProduce.xcdatamodel */;
			path = YumProduce.xcdatamodeld;
			sourceTree = "<group>";
			versionGroupType = wrapper.xcdatamodel;
		};
/* End XCVersionGroup section */
	};
	rootObject = B0319D732803C406002C7C58 /* Project object */;
}
